// !$*UTF8*$!
{
	archiveVersion = 1;
	classes = {
	};
	objectVersion = 46;
	objects = {

/* Begin PBXBuildFile section */
		6CE65E4D1CA2B8D400B82D94 /* AppDelegate.swift in Sources */ = {isa = PBXBuildFile; fileRef = 6CE65E4C1CA2B8D400B82D94 /* AppDelegate.swift */; };
		6CE65E4F1CA2B8D400B82D94 /* ViewController.swift in Sources */ = {isa = PBXBuildFile; fileRef = 6CE65E4E1CA2B8D400B82D94 /* ViewController.swift */; };
		6CE65E521CA2B8D400B82D94 /* Main.storyboard in Resources */ = {isa = PBXBuildFile; fileRef = 6CE65E501CA2B8D400B82D94 /* Main.storyboard */; };
		6CE65E541CA2B8D400B82D94 /* Assets.xcassets in Resources */ = {isa = PBXBuildFile; fileRef = 6CE65E531CA2B8D400B82D94 /* Assets.xcassets */; };
		6CE65E571CA2B8D400B82D94 /* LaunchScreen.storyboard in Resources */ = {isa = PBXBuildFile; fileRef = 6CE65E551CA2B8D400B82D94 /* LaunchScreen.storyboard */; };
		6CE65E621CA2B8D400B82D94 /* StarWarsTests.swift in Sources */ = {isa = PBXBuildFile; fileRef = 6CE65E611CA2B8D400B82D94 /* StarWarsTests.swift */; };
		6CE65E6D1CA2B8D400B82D94 /* StarWarsUITests.swift in Sources */ = {isa = PBXBuildFile; fileRef = 6CE65E6C1CA2B8D400B82D94 /* StarWarsUITests.swift */; };
/* End PBXBuildFile section */

/* Begin PBXContainerItemProxy section */
		6CE65E5E1CA2B8D400B82D94 /* PBXContainerItemProxy */ = {
			isa = PBXContainerItemProxy;
			containerPortal = 6CE65E411CA2B8D400B82D94 /* Project object */;
			proxyType = 1;
			remoteGlobalIDString = 6CE65E481CA2B8D400B82D94;
			remoteInfo = StarWars;
		};
		6CE65E691CA2B8D400B82D94 /* PBXContainerItemProxy */ = {
			isa = PBXContainerItemProxy;
			containerPortal = 6CE65E411CA2B8D400B82D94 /* Project object */;
			proxyType = 1;
			remoteGlobalIDString = 6CE65E481CA2B8D400B82D94;
			remoteInfo = StarWars;
		};
/* End PBXContainerItemProxy section */

/* Begin PBXFileReference section */
		6CE65E491CA2B8D400B82D94 /* StarWars.app */ = {isa = PBXFileReference; explicitFileType = wrapper.application; includeInIndex = 0; path = StarWars.app; sourceTree = BUILT_PRODUCTS_DIR; };
		6CE65E4C1CA2B8D400B82D94 /* AppDelegate.swift */ = {isa = PBXFileReference; lastKnownFileType = sourcecode.swift; path = AppDelegate.swift; sourceTree = "<group>"; };
		6CE65E4E1CA2B8D400B82D94 /* ViewController.swift */ = {isa = PBXFileReference; lastKnownFileType = sourcecode.swift; path = ViewController.swift; sourceTree = "<group>"; };
		6CE65E511CA2B8D400B82D94 /* Base */ = {isa = PBXFileReference; lastKnownFileType = file.storyboard; name = Base; path = Base.lproj/Main.storyboard; sourceTree = "<group>"; };
		6CE65E531CA2B8D400B82D94 /* Assets.xcassets */ = {isa = PBXFileReference; lastKnownFileType = folder.assetcatalog; path = Assets.xcassets; sourceTree = "<group>"; };
		6CE65E561CA2B8D400B82D94 /* Base */ = {isa = PBXFileReference; lastKnownFileType = file.storyboard; name = Base; path = Base.lproj/LaunchScreen.storyboard; sourceTree = "<group>"; };
		6CE65E581CA2B8D400B82D94 /* Info.plist */ = {isa = PBXFileReference; lastKnownFileType = text.plist.xml; path = Info.plist; sourceTree = "<group>"; };
		6CE65E5D1CA2B8D400B82D94 /* StarWarsTests.xctest */ = {isa = PBXFileReference; explicitFileType = wrapper.cfbundle; includeInIndex = 0; path = StarWarsTests.xctest; sourceTree = BUILT_PRODUCTS_DIR; };
		6CE65E611CA2B8D400B82D94 /* StarWarsTests.swift */ = {isa = PBXFileReference; lastKnownFileType = sourcecode.swift; path = StarWarsTests.swift; sourceTree = "<group>"; };
		6CE65E631CA2B8D400B82D94 /* Info.plist */ = {isa = PBXFileReference; lastKnownFileType = text.plist.xml; path = Info.plist; sourceTree = "<group>"; };
		6CE65E681CA2B8D400B82D94 /* StarWarsUITests.xctest */ = {isa = PBXFileReference; explicitFileType = wrapper.cfbundle; includeInIndex = 0; path = StarWarsUITests.xctest; sourceTree = BUILT_PRODUCTS_DIR; };
		6CE65E6C1CA2B8D400B82D94 /* StarWarsUITests.swift */ = {isa = PBXFileReference; lastKnownFileType = sourcecode.swift; path = StarWarsUITests.swift; sourceTree = "<group>"; };
		6CE65E6E1CA2B8D400B82D94 /* Info.plist */ = {isa = PBXFileReference; lastKnownFileType = text.plist.xml; path = Info.plist; sourceTree = "<group>"; };
/* End PBXFileReference section */

/* Begin PBXFrameworksBuildPhase section */
		6CE65E461CA2B8D400B82D94 /* Frameworks */ = {
			isa = PBXFrameworksBuildPhase;
			buildActionMask = 2147483647;
			files = (
			);
			runOnlyForDeploymentPostprocessing = 0;
		};
		6CE65E5A1CA2B8D400B82D94 /* Frameworks */ = {
			isa = PBXFrameworksBuildPhase;
			buildActionMask = 2147483647;
			files = (
			);
			runOnlyForDeploymentPostprocessing = 0;
		};
		6CE65E651CA2B8D400B82D94 /* Frameworks */ = {
			isa = PBXFrameworksBuildPhase;
			buildActionMask = 2147483647;
			files = (
			);
			runOnlyForDeploymentPostprocessing = 0;
		};
/* End PBXFrameworksBuildPhase section */

/* Begin PBXGroup section */
		6CE65E401CA2B8D400B82D94 = {
			isa = PBXGroup;
			children = (
				6CE65E4B1CA2B8D400B82D94 /* StarWars */,
				6CE65E601CA2B8D400B82D94 /* StarWarsTests */,
				6CE65E6B1CA2B8D400B82D94 /* StarWarsUITests */,
				6CE65E4A1CA2B8D400B82D94 /* Products */,
			);
			sourceTree = "<group>";
		};
		6CE65E4A1CA2B8D400B82D94 /* Products */ = {
			isa = PBXGroup;
			children = (
				6CE65E491CA2B8D400B82D94 /* StarWars.app */,
				6CE65E5D1CA2B8D400B82D94 /* StarWarsTests.xctest */,
				6CE65E681CA2B8D400B82D94 /* StarWarsUITests.xctest */,
			);
			name = Products;
			sourceTree = "<group>";
		};
		6CE65E4B1CA2B8D400B82D94 /* StarWars */ = {
			isa = PBXGroup;
			children = (
				6CE65E4C1CA2B8D400B82D94 /* AppDelegate.swift */,
				6CE65E4E1CA2B8D400B82D94 /* ViewController.swift */,
				6CE65E501CA2B8D400B82D94 /* Main.storyboard */,
				6CE65E531CA2B8D400B82D94 /* Assets.xcassets */,
				6CE65E551CA2B8D400B82D94 /* LaunchScreen.storyboard */,
				6CE65E581CA2B8D400B82D94 /* Info.plist */,
			);
			path = StarWars;
			sourceTree = "<group>";
		};
		6CE65E601CA2B8D400B82D94 /* StarWarsTests */ = {
			isa = PBXGroup;
			children = (
				6CE65E611CA2B8D400B82D94 /* StarWarsTests.swift */,
				6CE65E631CA2B8D400B82D94 /* Info.plist */,
			);
			path = StarWarsTests;
			sourceTree = "<group>";
		};
		6CE65E6B1CA2B8D400B82D94 /* StarWarsUITests */ = {
			isa = PBXGroup;
			children = (
				6CE65E6C1CA2B8D400B82D94 /* StarWarsUITests.swift */,
				6CE65E6E1CA2B8D400B82D94 /* Info.plist */,
			);
			path = StarWarsUITests;
			sourceTree = "<group>";
		};
/* End PBXGroup section */

/* Begin PBXNativeTarget section */
		6CE65E481CA2B8D400B82D94 /* StarWars */ = {
			isa = PBXNativeTarget;
			buildConfigurationList = 6CE65E711CA2B8D400B82D94 /* Build configuration list for PBXNativeTarget "StarWars" */;
			buildPhases = (
				6CE65E451CA2B8D400B82D94 /* Sources */,
				6CE65E461CA2B8D400B82D94 /* Frameworks */,
				6CE65E471CA2B8D400B82D94 /* Resources */,
			);
			buildRules = (
			);
			dependencies = (
			);
			name = StarWars;
			productName = StarWars;
			productReference = 6CE65E491CA2B8D400B82D94 /* StarWars.app */;
			productType = "com.apple.product-type.application";
		};
		6CE65E5C1CA2B8D400B82D94 /* StarWarsTests */ = {
			isa = PBXNativeTarget;
			buildConfigurationList = 6CE65E741CA2B8D400B82D94 /* Build configuration list for PBXNativeTarget "StarWarsTests" */;
			buildPhases = (
				6CE65E591CA2B8D400B82D94 /* Sources */,
				6CE65E5A1CA2B8D400B82D94 /* Frameworks */,
				6CE65E5B1CA2B8D400B82D94 /* Resources */,
			);
			buildRules = (
			);
			dependencies = (
				6CE65E5F1CA2B8D400B82D94 /* PBXTargetDependency */,
			);
			name = StarWarsTests;
			productName = StarWarsTests;
			productReference = 6CE65E5D1CA2B8D400B82D94 /* StarWarsTests.xctest */;
			productType = "com.apple.product-type.bundle.unit-test";
		};
		6CE65E671CA2B8D400B82D94 /* StarWarsUITests */ = {
			isa = PBXNativeTarget;
			buildConfigurationList = 6CE65E771CA2B8D400B82D94 /* Build configuration list for PBXNativeTarget "StarWarsUITests" */;
			buildPhases = (
				6CE65E641CA2B8D400B82D94 /* Sources */,
				6CE65E651CA2B8D400B82D94 /* Frameworks */,
				6CE65E661CA2B8D400B82D94 /* Resources */,
			);
			buildRules = (
			);
			dependencies = (
				6CE65E6A1CA2B8D400B82D94 /* PBXTargetDependency */,
			);
			name = StarWarsUITests;
			productName = StarWarsUITests;
			productReference = 6CE65E681CA2B8D400B82D94 /* StarWarsUITests.xctest */;
			productType = "com.apple.product-type.bundle.ui-testing";
		};
/* End PBXNativeTarget section */

/* Begin PBXProject section */
		6CE65E411CA2B8D400B82D94 /* Project object */ = {
			isa = PBXProject;
			attributes = {
				LastSwiftUpdateCheck = 0720;
				LastUpgradeCheck = 0720;
				ORGANIZATIONNAME = ShivamRoy;
				TargetAttributes = {
					6CE65E481CA2B8D400B82D94 = {
						CreatedOnToolsVersion = 7.2.1;
						DevelopmentTeam = 975U8DVW7R;
					};
					6CE65E5C1CA2B8D400B82D94 = {
						CreatedOnToolsVersion = 7.2.1;
						DevelopmentTeam = 975U8DVW7R;
						TestTargetID = 6CE65E481CA2B8D400B82D94;
					};
					6CE65E671CA2B8D400B82D94 = {
						CreatedOnToolsVersion = 7.2.1;
						DevelopmentTeam = 975U8DVW7R;
						TestTargetID = 6CE65E481CA2B8D400B82D94;
					};
				};
			};
			buildConfigurationList = 6CE65E441CA2B8D400B82D94 /* Build configuration list for PBXProject "StarWars" */;
			compatibilityVersion = "Xcode 3.2";
			developmentRegion = English;
			hasScannedForEncodings = 0;
			knownRegions = (
				en,
				Base,
			);
			mainGroup = 6CE65E401CA2B8D400B82D94;
			productRefGroup = 6CE65E4A1CA2B8D400B82D94 /* Products */;
			projectDirPath = "";
			projectRoot = "";
			targets = (
				6CE65E481CA2B8D400B82D94 /* StarWars */,
				6CE65E5C1CA2B8D400B82D94 /* StarWarsTests */,
				6CE65E671CA2B8D400B82D94 /* StarWarsUITests */,
			);
		};
/* End PBXProject section */

/* Begin PBXResourcesBuildPhase section */
		6CE65E471CA2B8D400B82D94 /* Resources */ = {
			isa = PBXResourcesBuildPhase;
			buildActionMask = 2147483647;
			files = (
				6CE65E571CA2B8D400B82D94 /* LaunchScreen.storyboard in Resources */,
				6CE65E541CA2B8D400B82D94 /* Assets.xcassets in Resources */,
				6CE65E521CA2B8D400B82D94 /* Main.storyboard in Resources */,
			);
			runOnlyForDeploymentPostprocessing = 0;
		};
		6CE65E5B1CA2B8D400B82D94 /* Resources */ = {
			isa = PBXResourcesBuildPhase;
			buildActionMask = 2147483647;
			files = (
			);
			runOnlyForDeploymentPostprocessing = 0;
		};
		6CE65E661CA2B8D400B82D94 /* Resources */ = {
			isa = PBXResourcesBuildPhase;
			buildActionMask = 2147483647;
			files = (
			);
			runOnlyForDeploymentPostprocessing = 0;
		};
/* End PBXResourcesBuildPhase section */

/* Begin PBXSourcesBuildPhase section */
		6CE65E451CA2B8D400B82D94 /* Sources */ = {
			isa = PBXSourcesBuildPhase;
			buildActionMask = 2147483647;
			files = (
				6CE65E4F1CA2B8D400B82D94 /* ViewController.swift in Sources */,
				6CE65E4D1CA2B8D400B82D94 /* AppDelegate.swift in Sources */,
			);
			runOnlyForDeploymentPostprocessing = 0;
		};
		6CE65E591CA2B8D400B82D94 /* Sources */ = {
			isa = PBXSourcesBuildPhase;
			buildActionMask = 2147483647;
			files = (
				6CE65E621CA2B8D400B82D94 /* StarWarsTests.swift in Sources */,
			);
			runOnlyForDeploymentPostprocessing = 0;
		};
		6CE65E641CA2B8D400B82D94 /* Sources */ = {
			isa = PBXSourcesBuildPhase;
			buildActionMask = 2147483647;
			files = (
				6CE65E6D1CA2B8D400B82D94 /* StarWarsUITests.swift in Sources */,
			);
			runOnlyForDeploymentPostprocessing = 0;
		};
/* End PBXSourcesBuildPhase section */

/* Begin PBXTargetDependency section */
		6CE65E5F1CA2B8D400B82D94 /* PBXTargetDependency */ = {
			isa = PBXTargetDependency;
			target = 6CE65E481CA2B8D400B82D94 /* StarWars */;
			targetProxy = 6CE65E5E1CA2B8D400B82D94 /* PBXContainerItemProxy */;
		};
		6CE65E6A1CA2B8D400B82D94 /* PBXTargetDependency */ = {
			isa = PBXTargetDependency;
			target = 6CE65E481CA2B8D400B82D94 /* StarWars */;
			targetProxy = 6CE65E691CA2B8D400B82D94 /* PBXContainerItemProxy */;
		};
/* End PBXTargetDependency section */

/* Begin PBXVariantGroup section */
		6CE65E501CA2B8D400B82D94 /* Main.storyboard */ = {
			isa = PBXVariantGroup;
			children = (
				6CE65E511CA2B8D400B82D94 /* Base */,
			);
			name = Main.storyboard;
			sourceTree = "<group>";
		};
		6CE65E551CA2B8D400B82D94 /* LaunchScreen.storyboard */ = {
			isa = PBXVariantGroup;
			children = (
				6CE65E561CA2B8D400B82D94 /* Base */,
			);
			name = LaunchScreen.storyboard;
			sourceTree = "<group>";
		};
/* End PBXVariantGroup section */

/* Begin XCBuildConfiguration section */
		6CE65E6F1CA2B8D400B82D94 /* Debug */ = {
			isa = XCBuildConfiguration;
			buildSettings = {
				ALWAYS_SEARCH_USER_PATHS = NO;
				CLANG_CXX_LANGUAGE_STANDARD = "gnu++0x";
				CLANG_CXX_LIBRARY = "libc++";
				CLANG_ENABLE_MODULES = YES;
				CLANG_ENABLE_OBJC_ARC = YES;
				CLANG_WARN_BOOL_CONVERSION = YES;
				CLANG_WARN_CONSTANT_CONVERSION = YES;
				CLANG_WARN_DIRECT_OBJC_ISA_USAGE = YES_ERROR;
				CLANG_WARN_EMPTY_BODY = YES;
				CLANG_WARN_ENUM_CONVERSION = YES;
				CLANG_WARN_INT_CONVERSION = YES;
				CLANG_WARN_OBJC_ROOT_CLASS = YES_ERROR;
				CLANG_WARN_UNREACHABLE_CODE = YES;
				CLANG_WARN__DUPLICATE_METHOD_MATCH = YES;
				"CODE_SIGN_IDENTITY[sdk=iphoneos*]" = "iPhone Developer";
				COPY_PHASE_STRIP = NO;
				DEBUG_INFORMATION_FORMAT = dwarf;
				ENABLE_STRICT_OBJC_MSGSEND = YES;
				ENABLE_TESTABILITY = YES;
				GCC_C_LANGUAGE_STANDARD = gnu99;
				GCC_DYNAMIC_NO_PIC = NO;
				GCC_NO_COMMON_BLOCKS = YES;
				GCC_OPTIMIZATION_LEVEL = 0;
				GCC_PREPROCESSOR_DEFINITIONS = (
					"DEBUG=1",
					"$(inherited)",
				);
				GCC_WARN_64_TO_32_BIT_CONVERSION = YES;
				GCC_WARN_ABOUT_RETURN_TYPE = YES_ERROR;
				GCC_WARN_UNDECLARED_SELECTOR = YES;
				GCC_WARN_UNINITIALIZED_AUTOS = YES_AGGRESSIVE;
				GCC_WARN_UNUSED_FUNCTION = YES;
				GCC_WARN_UNUSED_VARIABLE = YES;
				IPHONEOS_DEPLOYMENT_TARGET = 9.2;
				MTL_ENABLE_DEBUG_INFO = YES;
				ONLY_ACTIVE_ARCH = YES;
				SDKROOT = iphoneos;
				SWIFT_OPTIMIZATION_LEVEL = "-Onone";
				TARGETED_DEVICE_FAMILY = "1,2";
			};
			name = Debug;
		};
		6CE65E701CA2B8D400B82D94 /* Release */ = {
			isa = XCBuildConfiguration;
			buildSettings = {
				ALWAYS_SEARCH_USER_PATHS = NO;
				CLANG_CXX_LANGUAGE_STANDARD = "gnu++0x";
				CLANG_CXX_LIBRARY = "libc++";
				CLANG_ENABLE_MODULES = YES;
				CLANG_ENABLE_OBJC_ARC = YES;
				CLANG_WARN_BOOL_CONVERSION = YES;
				CLANG_WARN_CONSTANT_CONVERSION = YES;
				CLANG_WARN_DIRECT_OBJC_ISA_USAGE = YES_ERROR;
				CLANG_WARN_EMPTY_BODY = YES;
				CLANG_WARN_ENUM_CONVERSION = YES;
				CLANG_WARN_INT_CONVERSION = YES;
				CLANG_WARN_OBJC_ROOT_CLASS = YES_ERROR;
				CLANG_WARN_UNREACHABLE_CODE = YES;
				CLANG_WARN__DUPLICATE_METHOD_MATCH = YES;
				"CODE_SIGN_IDENTITY[sdk=iphoneos*]" = "iPhone Developer";
				COPY_PHASE_STRIP = NO;
				DEBUG_INFORMATION_FORMAT = "dwarf-with-dsym";
				ENABLE_NS_ASSERTIONS = NO;
				ENABLE_STRICT_OBJC_MSGSEND = YES;
				GCC_C_LANGUAGE_STANDARD = gnu99;
				GCC_NO_COMMON_BLOCKS = YES;
				GCC_WARN_64_TO_32_BIT_CONVERSION = YES;
				GCC_WARN_ABOUT_RETURN_TYPE = YES_ERROR;
				GCC_WARN_UNDECLARED_SELECTOR = YES;
				GCC_WARN_UNINITIALIZED_AUTOS = YES_AGGRESSIVE;
				GCC_WARN_UNUSED_FUNCTION = YES;
				GCC_WARN_UNUSED_VARIABLE = YES;
				IPHONEOS_DEPLOYMENT_TARGET = 9.2;
				MTL_ENABLE_DEBUG_INFO = NO;
				SDKROOT = iphoneos;
				TARGETED_DEVICE_FAMILY = "1,2";
				VALIDATE_PRODUCT = YES;
			};
			name = Release;
		};
		6CE65E721CA2B8D400B82D94 /* Debug */ = {
			isa = XCBuildConfiguration;
			buildSettings = {
				ASSETCATALOG_COMPILER_APPICON_NAME = AppIcon;
				INFOPLIST_FILE = StarWars/Info.plist;
				LD_RUNPATH_SEARCH_PATHS = "$(inherited) @executable_path/Frameworks";
				PRODUCT_BUNDLE_IDENTIFIER = ShivamRoy.StarWars;
				PRODUCT_NAME = "$(TARGET_NAME)";
			};
			name = Debug;
		};
		6CE65E731CA2B8D400B82D94 /* Release */ = {
			isa = XCBuildConfiguration;
			buildSettings = {
				ASSETCATALOG_COMPILER_APPICON_NAME = AppIcon;
				INFOPLIST_FILE = StarWars/Info.plist;
				LD_RUNPATH_SEARCH_PATHS = "$(inherited) @executable_path/Frameworks";
				PRODUCT_BUNDLE_IDENTIFIER = ShivamRoy.StarWars;
				PRODUCT_NAME = "$(TARGET_NAME)";
			};
			name = Release;
		};
		6CE65E751CA2B8D400B82D94 /* Debug */ = {
			isa = XCBuildConfiguration;
			buildSettings = {
				BUNDLE_LOADER = "$(TEST_HOST)";
				INFOPLIST_FILE = StarWarsTests/Info.plist;
				LD_RUNPATH_SEARCH_PATHS = "$(inherited) @executable_path/Frameworks @loader_path/Frameworks";
				PRODUCT_BUNDLE_IDENTIFIER = ShivamRoy.StarWarsTests;
				PRODUCT_NAME = "$(TARGET_NAME)";
				TEST_HOST = "$(BUILT_PRODUCTS_DIR)/StarWars.app/StarWars";
			};
			name = Debug;
		};
		6CE65E761CA2B8D400B82D94 /* Release */ = {
			isa = XCBuildConfiguration;
			buildSettings = {
				BUNDLE_LOADER = "$(TEST_HOST)";
				INFOPLIST_FILE = StarWarsTests/Info.plist;
				LD_RUNPATH_SEARCH_PATHS = "$(inherited) @executable_path/Frameworks @loader_path/Frameworks";
				PRODUCT_BUNDLE_IDENTIFIER = ShivamRoy.StarWarsTests;
				PRODUCT_NAME = "$(TARGET_NAME)";
				TEST_HOST = "$(BUILT_PRODUCTS_DIR)/StarWars.app/StarWars";
			};
			name = Release;
		};
		6CE65E781CA2B8D400B82D94 /* Debug */ = {
			isa = XCBuildConfiguration;
			buildSettings = {
				INFOPLIST_FILE = StarWarsUITests/Info.plist;
				LD_RUNPATH_SEARCH_PATHS = "$(inherited) @executable_path/Frameworks @loader_path/Frameworks";
				PRODUCT_BUNDLE_IDENTIFIER = ShivamRoy.StarWarsUITests;
				PRODUCT_NAME = "$(TARGET_NAME)";
				TEST_TARGET_NAME = StarWars;
				USES_XCTRUNNER = YES;
			};
			name = Debug;
		};
		6CE65E791CA2B8D400B82D94 /* Release */ = {
			isa = XCBuildConfiguration;
			buildSettings = {
				INFOPLIST_FILE = StarWarsUITests/Info.plist;
				LD_RUNPATH_SEARCH_PATHS = "$(inherited) @executable_path/Frameworks @loader_path/Frameworks";
				PRODUCT_BUNDLE_IDENTIFIER = ShivamRoy.StarWarsUITests;
				PRODUCT_NAME = "$(TARGET_NAME)";
				TEST_TARGET_NAME = StarWars;
				USES_XCTRUNNER = YES;
			};
			name = Release;
		};
/* End XCBuildConfiguration section */

/* Begin XCConfigurationList section */
		6CE65E441CA2B8D400B82D94 /* Build configuration list for PBXProject "StarWars" */ = {
			isa = XCConfigurationList;
			buildConfigurations = (
				6CE65E6F1CA2B8D400B82D94 /* Debug */,
				6CE65E701CA2B8D400B82D94 /* Release */,
			);
			defaultConfigurationIsVisible = 0;
			defaultConfigurationName = Release;
		};
		6CE65E711CA2B8D400B82D94 /* Build configuration list for PBXNativeTarget "StarWars" */ = {
			isa = XCConfigurationList;
			buildConfigurations = (
				6CE65E721CA2B8D400B82D94 /* Debug */,
				6CE65E731CA2B8D400B82D94 /* Release */,
			);
			defaultConfigurationIsVisible = 0;
		};
		6CE65E741CA2B8D400B82D94 /* Build configuration list for PBXNativeTarget "StarWarsTests" */ = {
			isa = XCConfigurationList;
			buildConfigurations = (
				6CE65E751CA2B8D400B82D94 /* Debug */,
				6CE65E761CA2B8D400B82D94 /* Release */,
			);
			defaultConfigurationIsVisible = 0;
		};
		6CE65E771CA2B8D400B82D94 /* Build configuration list for PBXNativeTarget "StarWarsUITests" */ = {
			isa = XCConfigurationList;
			buildConfigurations = (
				6CE65E781CA2B8D400B82D94 /* Debug */,
				6CE65E791CA2B8D400B82D94 /* Release */,
			);
			defaultConfigurationIsVisible = 0;
		};
/* End XCConfigurationList section */
	};
	rootObject = 6CE65E411CA2B8D400B82D94 /* Project object */;
}
